
Microsoft Visual Studio Solution File, Format Version 12.00
# Visual Studio Version 17
VisualStudioVersion = 17.3.32804.467
MinimumVisualStudioVersion = 10.0.40219.1
Project("{9A19103F-16F7-4668-BE54-9A1E7A4F7556}") = "NASA_APIs", "NASA_APIs\NASA_APIs.csproj", "{B8B36F41-927D-4B64-AFCB-B3772267BFCD}"
EndProject
Project("{2150E333-8FDC-42A3-9474-1A3956D46DE8}") = "Tests", "Tests", "{4BB6BABE-725D-475B-9738-060F17EBF1EE}"
EndProject
Project("{9A19103F-16F7-4668-BE54-9A1E7A4F7556}") = "NASA_APIs.TestConsole", "NASA_APIs.TestConsole\NASA_APIs.TestConsole.csproj", "{0ADB7EC6-7442-4F25-853C-CD4E69353AC7}"
EndProject
Project("{2150E333-8FDC-42A3-9474-1A3956D46DE8}") = "UI", "UI", "{E4DEC3A6-91AF-467E-B44C-4487DDF0E7E5}"
EndProject
Project("{9A19103F-16F7-4668-BE54-9A1E7A4F7556}") = "NASA_APIs.WPF", "NASA_APIs.WPF\NASA_APIs.WPF.csproj", "{0087A715-3B78-43B0-99C5-5C23A27C6427}"
EndProject
Project("{9A19103F-16F7-4668-BE54-9A1E7A4F7556}") = "NASA_APIs.ConsoleUI", "NASA_APIs.ConsoleUI\NASA_APIs.ConsoleUI.csproj", "{618C88B4-1C92-4BBF-AC5B-AED4392241ED}"
EndProject
Project("{2150E333-8FDC-42A3-9474-1A3956D46DE8}") = "Data", "Data", "{0BF5AD51-3D18-4092-BF85-40FB38239131}"
EndProject
Project("{FAE04EC0-301F-11D3-BF4B-00C04F79EFBC}") = "NASA_APIs.DAL", "NASA_APIs.DAL\NASA_APIs.DAL.csproj", "{58811E87-7242-4EBD-A51C-E77FBDFFF1EC}"
EndProject
Project("{FAE04EC0-301F-11D3-BF4B-00C04F79EFBC}") = "NASA_APIs.DAL.SqlServer", "NASA_APIs.DAL.SqlServer\NASA_APIs.DAL.SqlServer.csproj", "{BC5590B0-2B32-445A-ADE6-0B5358829FF1}"
EndProject
Project("{2150E333-8FDC-42A3-9474-1A3956D46DE8}") = "Services", "Services", "{16FAA2A0-032C-4094-A79C-ADBD107BBD6F}"
EndProject
Project("{FAE04EC0-301F-11D3-BF4B-00C04F79EFBC}") = "NASA_APIs.API", "NASA_APIs.API\NASA_APIs.API.csproj", "{35348BBF-7B3B-496B-9D3F-F855DE4FE58E}"
EndProject
Project("{FAE04EC0-301F-11D3-BF4B-00C04F79EFBC}") = "NASA_APIs.Interfaces", "NASA_APIs.Interfaces\NASA_APIs.Interfaces.csproj", "{BD8CF43E-5084-4BF8-9361-A4ACD72D4B7F}"
EndProject
Project("{FAE04EC0-301F-11D3-BF4B-00C04F79EFBC}") = "NASA_APIs.Interfaces.Base", "NASA_APIs.Interfaces.Base\NASA_APIs.Interfaces.Base.csproj", "{98DD0987-080F-4108-A865-97891709A07A}"
EndProject
Project("{FAE04EC0-301F-11D3-BF4B-00C04F79EFBC}") = "NASA_APIs.WebApiClients", "NASA_APIs.WebApiClients\NASA_APIs.WebApiClients.csproj", "{FDC14D96-6833-4AF5-887E-ED3FA9ECDCFC}"
EndProject
Global
	GlobalSection(SolutionConfigurationPlatforms) = preSolution
		Debug|Any CPU = Debug|Any CPU
		Release|Any CPU = Release|Any CPU
	EndGlobalSection
	GlobalSection(ProjectConfigurationPlatforms) = postSolution
		{B8B36F41-927D-4B64-AFCB-B3772267BFCD}.Debug|Any CPU.ActiveCfg = Debug|Any CPU
		{B8B36F41-927D-4B64-AFCB-B3772267BFCD}.Debug|Any CPU.Build.0 = Debug|Any CPU
		{B8B36F41-927D-4B64-AFCB-B3772267BFCD}.Release|Any CPU.ActiveCfg = Release|Any CPU
		{B8B36F41-927D-4B64-AFCB-B3772267BFCD}.Release|Any CPU.Build.0 = Release|Any CPU
		{0ADB7EC6-7442-4F25-853C-CD4E69353AC7}.Debug|Any CPU.ActiveCfg = Debug|Any CPU
		{0ADB7EC6-7442-4F25-853C-CD4E69353AC7}.Debug|Any CPU.Build.0 = Debug|Any CPU
		{0ADB7EC6-7442-4F25-853C-CD4E69353AC7}.Release|Any CPU.ActiveCfg = Release|Any CPU
		{0ADB7EC6-7442-4F25-853C-CD4E69353AC7}.Release|Any CPU.Build.0 = Release|Any CPU
		{0087A715-3B78-43B0-99C5-5C23A27C6427}.Debug|Any CPU.ActiveCfg = Debug|Any CPU
		{0087A715-3B78-43B0-99C5-5C23A27C6427}.Debug|Any CPU.Build.0 = Debug|Any CPU
		{0087A715-3B78-43B0-99C5-5C23A27C6427}.Release|Any CPU.ActiveCfg = Release|Any CPU
		{0087A715-3B78-43B0-99C5-5C23A27C6427}.Release|Any CPU.Build.0 = Release|Any CPU
		{618C88B4-1C92-4BBF-AC5B-AED4392241ED}.Debug|Any CPU.ActiveCfg = Debug|Any CPU
		{618C88B4-1C92-4BBF-AC5B-AED4392241ED}.Debug|Any CPU.Build.0 = Debug|Any CPU
		{618C88B4-1C92-4BBF-AC5B-AED4392241ED}.Release|Any CPU.ActiveCfg = Release|Any CPU
		{618C88B4-1C92-4BBF-AC5B-AED4392241ED}.Release|Any CPU.Build.0 = Release|Any CPU
		{58811E87-7242-4EBD-A51C-E77FBDFFF1EC}.Debug|Any CPU.ActiveCfg = Debug|Any CPU
		{58811E87-7242-4EBD-A51C-E77FBDFFF1EC}.Debug|Any CPU.Build.0 = Debug|Any CPU
		{58811E87-7242-4EBD-A51C-E77FBDFFF1EC}.Release|Any CPU.ActiveCfg = Release|Any CPU
		{58811E87-7242-4EBD-A51C-E77FBDFFF1EC}.Release|Any CPU.Build.0 = Release|Any CPU
		{BC5590B0-2B32-445A-ADE6-0B5358829FF1}.Debug|Any CPU.ActiveCfg = Debug|Any CPU
		{BC5590B0-2B32-445A-ADE6-0B5358829FF1}.Debug|Any CPU.Build.0 = Debug|Any CPU
		{BC5590B0-2B32-445A-ADE6-0B5358829FF1}.Release|Any CPU.ActiveCfg = Release|Any CPU
		{BC5590B0-2B32-445A-ADE6-0B5358829FF1}.Release|Any CPU.Build.0 = Release|Any CPU
		{35348BBF-7B3B-496B-9D3F-F855DE4FE58E}.Debug|Any CPU.ActiveCfg = Debug|Any CPU
		{35348BBF-7B3B-496B-9D3F-F855DE4FE58E}.Debug|Any CPU.Build.0 = Debug|Any CPU
		{35348BBF-7B3B-496B-9D3F-F855DE4FE58E}.Release|Any CPU.ActiveCfg = Release|Any CPU
		{35348BBF-7B3B-496B-9D3F-F855DE4FE58E}.Release|Any CPU.Build.0 = Release|Any CPU
		{BD8CF43E-5084-4BF8-9361-A4ACD72D4B7F}.Debug|Any CPU.ActiveCfg = Debug|Any CPU
		{BD8CF43E-5084-4BF8-9361-A4ACD72D4B7F}.Debug|Any CPU.Build.0 = Debug|Any CPU
		{BD8CF43E-5084-4BF8-9361-A4ACD72D4B7F}.Release|Any CPU.ActiveCfg = Release|Any CPU
		{BD8CF43E-5084-4BF8-9361-A4ACD72D4B7F}.Release|Any CPU.Build.0 = Release|Any CPU
		{98DD0987-080F-4108-A865-97891709A07A}.Debug|Any CPU.ActiveCfg = Debug|Any CPU
		{98DD0987-080F-4108-A865-97891709A07A}.Debug|Any CPU.Build.0 = Debug|Any CPU
		{98DD0987-080F-4108-A865-97891709A07A}.Release|Any CPU.ActiveCfg = Release|Any CPU
		{98DD0987-080F-4108-A865-97891709A07A}.Release|Any CPU.Build.0 = Release|Any CPU
		{FDC14D96-6833-4AF5-887E-ED3FA9ECDCFC}.Debug|Any CPU.ActiveCfg = Debug|Any CPU
		{FDC14D96-6833-4AF5-887E-ED3FA9ECDCFC}.Debug|Any CPU.Build.0 = Debug|Any CPU
		{FDC14D96-6833-4AF5-887E-ED3FA9ECDCFC}.Release|Any CPU.ActiveCfg = Release|Any CPU
		{FDC14D96-6833-4AF5-887E-ED3FA9ECDCFC}.Release|Any CPU.Build.0 = Release|Any CPU
	EndGlobalSection
	GlobalSection(SolutionProperties) = preSolution
		HideSolutionNode = FALSE
	EndGlobalSection
	GlobalSection(NestedProjects) = preSolution
		{0ADB7EC6-7442-4F25-853C-CD4E69353AC7} = {4BB6BABE-725D-475B-9738-060F17EBF1EE}
		{0087A715-3B78-43B0-99C5-5C23A27C6427} = {E4DEC3A6-91AF-467E-B44C-4487DDF0E7E5}
		{618C88B4-1C92-4BBF-AC5B-AED4392241ED} = {E4DEC3A6-91AF-467E-B44C-4487DDF0E7E5}
		{58811E87-7242-4EBD-A51C-E77FBDFFF1EC} = {0BF5AD51-3D18-4092-BF85-40FB38239131}
		{BC5590B0-2B32-445A-ADE6-0B5358829FF1} = {0BF5AD51-3D18-4092-BF85-40FB38239131}
		{35348BBF-7B3B-496B-9D3F-F855DE4FE58E} = {16FAA2A0-032C-4094-A79C-ADBD107BBD6F}
		{BD8CF43E-5084-4BF8-9361-A4ACD72D4B7F} = {16FAA2A0-032C-4094-A79C-ADBD107BBD6F}
		{98DD0987-080F-4108-A865-97891709A07A} = {16FAA2A0-032C-4094-A79C-ADBD107BBD6F}
		{FDC14D96-6833-4AF5-887E-ED3FA9ECDCFC} = {16FAA2A0-032C-4094-A79C-ADBD107BBD6F}
	EndGlobalSection
	GlobalSection(ExtensibilityGlobals) = postSolution
		SolutionGuid = {67259218-B395-46A0-B48A-69570DEEFCCB}
	EndGlobalSection
EndGlobal
